Microsoft Visual Studio Solution File, Format Version 12.00
# Visual Studio Version 17
VisualStudioVersion = 17.5.2.0
MinimumVisualStudioVersion = 10.0.40219.1
Project("{FAE04EC0-301F-11D3-BF4B-00C04F79EFBC}") = "NoMoreRobe", "NoMoreRobe.csproj", "{1C66EB86-7478-5FDA-1F1C-166164C95567}"
EndProject
Global
	GlobalSection(SolutionConfigurationPlatforms) = preSolution
		Debug|Any CPU = Debug|Any CPU
		Release|Any CPU = Release|Any CPU
	EndGlobalSection
	GlobalSection(ProjectConfigurationPlatforms) = postSolution
		{1C66EB86-7478-5FDA-1F1C-166164C95567}.Debug|Any CPU.ActiveCfg = Debug|Any CPU
		{1C66EB86-7478-5FDA-1F1C-166164C95567}.Debug|Any CPU.Build.0 = Debug|Any CPU
		{1C66EB86-7478-5FDA-1F1C-166164C95567}.Release|Any CPU.ActiveCfg = Release|Any CPU
		{1C66EB86-7478-5FDA-1F1C-166164C95567}.Release|Any CPU.Build.0 = Release|Any CPU
	EndGlobalSection
	GlobalSection(SolutionProperties) = preSolution
		HideSolutionNode = FALSE
	EndGlobalSection
	GlobalSection(ExtensibilityGlobals) = postSolution
		SolutionGuid = {EC9DF1BE-9480-4378-9D6A-B5526B1F7A02}
	EndGlobalSection
EndGlobal
